<?xml version="1.0" encoding="utf-8"?>
<Project ToolsVersion="4.0" xmlns="http://schemas.microsoft.com/developer/msbuild/2003">
  <ItemGroup>
    <Filter Include="源文件">
      <UniqueIdentifier>{4FC737F1-C7A5-4376-A066-2A32D752A2FF}</UniqueIdentifier>
      <Extensions>cpp;c;cc;cxx;def;odl;idl;hpj;bat;asm;asmx</Extensions>
    </Filter>
    <Filter Include="头文件">
      <UniqueIdentifier>{93995380-89BD-4b04-88EB-625FBE52EBFB}</UniqueIdentifier>
      <Extensions>h;hh;hpp;hxx;hm;inl;inc;ipp;xsd</Extensions>
    </Filter>
    <Filter Include="资源文件">
      <UniqueIdentifier>{67DA6AB6-F800-4c08-8B7A-83BB121AAD01}</UniqueIdentifier>
      <Extensions>rc;ico;cur;bmp;dlg;rc2;rct;bin;rgs;gif;jpg;jpeg;jpe;resx;tiff;tif;png;wav;mfcribbon-ms</Extensions>
    </Filter>
    <Filter Include="源文件\探索数组和字符串">
      <UniqueIdentifier>{647ef3b0-4be1-41c1-8432-0bdfc7980f86}</UniqueIdentifier>
    </Filter>
    <Filter Include="源文件\探索链表">
      <UniqueIdentifier>{8c829b5f-251c-4838-9e6d-8c8920258abb}</UniqueIdentifier>
    </Filter>
    <Filter Include="源文件\队列和栈">
      <UniqueIdentifier>{95634025-7515-49d5-a6e2-a5f9a7442778}</UniqueIdentifier>
    </Filter>
  </ItemGroup>
  <ItemGroup>
    <ClCompile Include="探索数组和字符串\杨辉三角.cpp">
      <Filter>源文件\探索数组和字符串</Filter>
    </ClCompile>
    <ClCompile Include="探索数组和字符串\最长回文子串.cpp">
      <Filter>源文件\探索数组和字符串</Filter>
    </ClCompile>
    <ClCompile Include="探索数组和字符串\对角线遍历.cpp">
      <Filter>源文件\探索数组和字符串</Filter>
    </ClCompile>
    <ClCompile Include="探索数组和字符串\翻转字符串里的单词.cpp">
      <Filter>源文件\探索数组和字符串</Filter>
    </ClCompile>
    <ClCompile Include="探索数组和字符串\反转字符串.cpp">
      <Filter>源文件\探索数组和字符串</Filter>
    </ClCompile>
    <ClCompile Include="探索数组和字符串\合并区间.cpp">
      <Filter>源文件\探索数组和字符串</Filter>
    </ClCompile>
    <ClCompile Include="探索数组和字符串\两数之和II.cpp">
      <Filter>源文件\探索数组和字符串</Filter>
    </ClCompile>
    <ClCompile Include="探索数组和字符串\零矩阵.cpp">
      <Filter>源文件\探索数组和字符串</Filter>
    </ClCompile>
    <ClCompile Include="探索数组和字符串\数组拆分I.cpp">
      <Filter>源文件\探索数组和字符串</Filter>
    </ClCompile>
    <ClCompile Include="探索数组和字符串\搜索插入位置.cpp">
      <Filter>源文件\探索数组和字符串</Filter>
    </ClCompile>
    <ClCompile Include="探索数组和字符串\旋转矩阵.cpp">
      <Filter>源文件\探索数组和字符串</Filter>
    </ClCompile>
    <ClCompile Include="探索数组和字符串\移除元素.cpp">
      <Filter>源文件\探索数组和字符串</Filter>
    </ClCompile>
    <ClCompile Include="探索数组和字符串\长度最小的子数组.cpp">
      <Filter>源文件\探索数组和字符串</Filter>
    </ClCompile>
    <ClCompile Include="探索数组和字符串\最大连续1的个数.cpp">
      <Filter>源文件\探索数组和字符串</Filter>
    </ClCompile>
    <ClCompile Include="探索数组和字符串\最长公共前缀.cpp">
      <Filter>源文件\探索数组和字符串</Filter>
    </ClCompile>
    <ClCompile Include="探索数组和字符串\杨辉三角II.cpp">
      <Filter>源文件\探索数组和字符串</Filter>
    </ClCompile>
    <ClCompile Include="探索数组和字符串\反转字符串中的单词III.cpp">
      <Filter>源文件\探索数组和字符串</Filter>
    </ClCompile>
    <ClCompile Include="探索数组和字符串\寻找旋转排序数组中的最小值.cpp">
      <Filter>源文件\探索数组和字符串</Filter>
    </ClCompile>
    <ClCompile Include="探索数组和字符串\删除排序数组中的重复项.cpp">
      <Filter>源文件\探索数组和字符串</Filter>
    </ClCompile>
    <ClCompile Include="探索数组和字符串\移动零.cpp">
      <Filter>源文件\探索数组和字符串</Filter>
    </ClCompile>
    <ClCompile Include="探索链表\反转链表.cpp">
      <Filter>源文件\探索链表</Filter>
    </ClCompile>
    <ClCompile Include="探索链表\环形链表.cpp">
      <Filter>源文件\探索链表</Filter>
    </ClCompile>
    <ClCompile Include="探索链表\环形链表II.cpp">
      <Filter>源文件\探索链表</Filter>
    </ClCompile>
    <ClCompile Include="探索链表\奇偶链表.cpp">
      <Filter>源文件\探索链表</Filter>
    </ClCompile>
    <ClCompile Include="探索链表\删除链表的倒数第N个节点.cpp">
      <Filter>源文件\探索链表</Filter>
    </ClCompile>
    <ClCompile Include="探索链表\设计链表.cpp">
      <Filter>源文件\探索链表</Filter>
    </ClCompile>
    <ClCompile Include="探索链表\相交链表.cpp">
      <Filter>源文件\探索链表</Filter>
    </ClCompile>
    <ClCompile Include="探索链表\移除链表元素.cpp">
      <Filter>源文件\探索链表</Filter>
    </ClCompile>
    <ClCompile Include="探索链表\回文链表.cpp">
      <Filter>源文件\探索链表</Filter>
    </ClCompile>
    <ClCompile Include="探索链表\合并两个有序链表.cpp">
      <Filter>源文件\探索链表</Filter>
    </ClCompile>
    <ClCompile Include="探索链表\两数相加.cpp">
      <Filter>源文件\探索链表</Filter>
    </ClCompile>
    <ClCompile Include="探索链表\扁平化多级双向链表.cpp">
      <Filter>源文件\探索链表</Filter>
    </ClCompile>
    <ClCompile Include="探索链表\复制带随机指针的链表.cpp">
      <Filter>源文件\探索链表</Filter>
    </ClCompile>
    <ClCompile Include="探索链表\旋转链表.cpp">
      <Filter>源文件\探索链表</Filter>
    </ClCompile>
    <ClCompile Include="队列和栈\设计循环队列.cpp">
      <Filter>源文件\队列和栈</Filter>
    </ClCompile>
    <ClCompile Include="队列和栈\岛屿数量.cpp">
      <Filter>源文件\队列和栈</Filter>
    </ClCompile>
    <ClCompile Include="队列和栈\打开转盘锁.cpp">
      <Filter>源文件\队列和栈</Filter>
    </ClCompile>
    <ClCompile Include="队列和栈\完全平方数.cpp">
      <Filter>源文件\队列和栈</Filter>
    </ClCompile>
    <ClCompile Include="队列和栈\最小栈.cpp">
      <Filter>源文件\队列和栈</Filter>
    </ClCompile>
    <ClCompile Include="队列和栈\有效的括号.cpp">
      <Filter>源文件\队列和栈</Filter>
    </ClCompile>
    <ClCompile Include="队列和栈\每日温度.cpp">
      <Filter>源文件\队列和栈</Filter>
    </ClCompile>
  </ItemGroup>
</Project>