<?xml version="1.0" encoding="utf-8"?>
<Project ToolsVersion="4.0" xmlns="http://schemas.microsoft.com/developer/msbuild/2003">
  <ItemGroup>
    <Filter Include="源文件">
      <UniqueIdentifier>{4FC737F1-C7A5-4376-A066-2A32D752A2FF}</UniqueIdentifier>
      <Extensions>cpp;c;cc;cxx;def;odl;idl;hpj;bat;asm;asmx</Extensions>
    </Filter>
    <Filter Include="头文件">
      <UniqueIdentifier>{93995380-89BD-4b04-88EB-625FBE52EBFB}</UniqueIdentifier>
      <Extensions>h;hh;hpp;hxx;hm;inl;inc;ipp;xsd</Extensions>
    </Filter>
    <Filter Include="资源文件">
      <UniqueIdentifier>{67DA6AB6-F800-4c08-8B7A-83BB121AAD01}</UniqueIdentifier>
      <Extensions>rc;ico;cur;bmp;dlg;rc2;rct;bin;rgs;gif;jpg;jpeg;jpe;resx;tiff;tif;png;wav;mfcribbon-ms</Extensions>
    </Filter>
    <Filter Include="源文件\队列和栈">
      <UniqueIdentifier>{95634025-7515-49d5-a6e2-a5f9a7442778}</UniqueIdentifier>
    </Filter>
    <Filter Include="源文件\每日一题">
      <UniqueIdentifier>{91a5de50-e2df-4833-9db6-ba1c984751ba}</UniqueIdentifier>
    </Filter>
    <Filter Include="源文件\二分查找">
      <UniqueIdentifier>{e5429994-8f0c-4af7-9d89-faeecc4efc99}</UniqueIdentifier>
    </Filter>
    <Filter Include="源文件\二叉树">
      <UniqueIdentifier>{69c30345-69f1-4cbf-81dc-f8b1d476a0ae}</UniqueIdentifier>
    </Filter>
    <Filter Include="源文件\链表">
      <UniqueIdentifier>{8c829b5f-251c-4838-9e6d-8c8920258abb}</UniqueIdentifier>
    </Filter>
    <Filter Include="源文件\数组和字符串">
      <UniqueIdentifier>{647ef3b0-4be1-41c1-8432-0bdfc7980f86}</UniqueIdentifier>
    </Filter>
    <Filter Include="源文件\二叉搜索树">
      <UniqueIdentifier>{5709ce61-5bb6-4698-b82a-71c4488bce2b}</UniqueIdentifier>
    </Filter>
    <Filter Include="源文件\N叉树">
      <UniqueIdentifier>{d1bab05e-6d2e-409a-89d6-7e3ad3b8a5e6}</UniqueIdentifier>
    </Filter>
    <Filter Include="源文件\前缀树">
      <UniqueIdentifier>{a6856397-40bd-4f13-b9fa-1f30df6c16c1}</UniqueIdentifier>
    </Filter>
    <Filter Include="源文件\哈希表">
      <UniqueIdentifier>{d8f941d7-5e2e-4b85-b385-ddbef11e2a38}</UniqueIdentifier>
    </Filter>
    <Filter Include="源文件\递归">
      <UniqueIdentifier>{2cfa38d3-b794-463d-a112-25febc96f381}</UniqueIdentifier>
    </Filter>
  </ItemGroup>
  <ItemGroup>
    <ClCompile Include="队列和栈\设计循环队列.cpp">
      <Filter>源文件\队列和栈</Filter>
    </ClCompile>
    <ClCompile Include="队列和栈\岛屿数量.cpp">
      <Filter>源文件\队列和栈</Filter>
    </ClCompile>
    <ClCompile Include="队列和栈\打开转盘锁.cpp">
      <Filter>源文件\队列和栈</Filter>
    </ClCompile>
    <ClCompile Include="队列和栈\完全平方数.cpp">
      <Filter>源文件\队列和栈</Filter>
    </ClCompile>
    <ClCompile Include="队列和栈\最小栈.cpp">
      <Filter>源文件\队列和栈</Filter>
    </ClCompile>
    <ClCompile Include="队列和栈\有效的括号.cpp">
      <Filter>源文件\队列和栈</Filter>
    </ClCompile>
    <ClCompile Include="队列和栈\每日温度.cpp">
      <Filter>源文件\队列和栈</Filter>
    </ClCompile>
    <ClCompile Include="队列和栈\逆波兰表达式求值.cpp">
      <Filter>源文件\队列和栈</Filter>
    </ClCompile>
    <ClCompile Include="每日一题\三数之和.cpp">
      <Filter>源文件\每日一题</Filter>
    </ClCompile>
    <ClCompile Include="每日一题\爬楼梯.cpp">
      <Filter>源文件\每日一题</Filter>
    </ClCompile>
    <ClCompile Include="队列和栈\克隆图.cpp">
      <Filter>源文件\队列和栈</Filter>
    </ClCompile>
    <ClCompile Include="队列和栈\目标和.cpp">
      <Filter>源文件\队列和栈</Filter>
    </ClCompile>
    <ClCompile Include="队列和栈\二叉树的中序遍历.cpp">
      <Filter>源文件\队列和栈</Filter>
    </ClCompile>
    <ClCompile Include="队列和栈\用栈实现队列.cpp">
      <Filter>源文件\队列和栈</Filter>
    </ClCompile>
    <ClCompile Include="队列和栈\用队列实现栈.cpp">
      <Filter>源文件\队列和栈</Filter>
    </ClCompile>
    <ClCompile Include="队列和栈\字符串解码.cpp">
      <Filter>源文件\队列和栈</Filter>
    </ClCompile>
    <ClCompile Include="队列和栈\图像渲染.cpp">
      <Filter>源文件\队列和栈</Filter>
    </ClCompile>
    <ClCompile Include="队列和栈\01矩阵.cpp">
      <Filter>源文件\队列和栈</Filter>
    </ClCompile>
    <ClCompile Include="队列和栈\钥匙和房间.cpp">
      <Filter>源文件\队列和栈</Filter>
    </ClCompile>
    <ClCompile Include="每日一题\[0297]二叉树的序列化与反序列化.cpp">
      <Filter>源文件\每日一题</Filter>
    </ClCompile>
    <ClCompile Include="每日一题\[1014]最佳观光组合.cpp">
      <Filter>源文件\每日一题</Filter>
    </ClCompile>
    <ClCompile Include="每日一题\[0125]验证回文串.cpp">
      <Filter>源文件\每日一题</Filter>
    </ClCompile>
    <ClCompile Include="二分查找\[0704]二分查找.cpp">
      <Filter>源文件\二分查找</Filter>
    </ClCompile>
    <ClCompile Include="二分查找\[0068]x的平方根.cpp">
      <Filter>源文件\二分查找</Filter>
    </ClCompile>
    <ClCompile Include="二分查找\[0374]猜数字大小.cpp">
      <Filter>源文件\二分查找</Filter>
    </ClCompile>
    <ClCompile Include="二分查找\[0033]搜索旋转排序数组.cpp">
      <Filter>源文件\二分查找</Filter>
    </ClCompile>
    <ClCompile Include="二分查找\[0278]第一个错误的版本.cpp">
      <Filter>源文件\二分查找</Filter>
    </ClCompile>
    <ClCompile Include="二分查找\[0162]寻找峰值.cpp">
      <Filter>源文件\二分查找</Filter>
    </ClCompile>
    <ClCompile Include="二分查找\[0034]在排序数组中查找元素的第一个和最后一个位置.cpp">
      <Filter>源文件\二分查找</Filter>
    </ClCompile>
    <ClCompile Include="二分查找\[0658]找到K个最接近的元素.cpp">
      <Filter>源文件\二分查找</Filter>
    </ClCompile>
    <ClCompile Include="二分查找\[0004]寻找两个正序数组的中位数.cpp">
      <Filter>源文件\二分查找</Filter>
    </ClCompile>
    <ClCompile Include="二分查找\[0050]Pow(x, n).cpp">
      <Filter>源文件\二分查找</Filter>
    </ClCompile>
    <ClCompile Include="二分查找\[0367]有效的完全平方数.cpp">
      <Filter>源文件\二分查找</Filter>
    </ClCompile>
    <ClCompile Include="二分查找\[0744]寻找比目标字母大的最小字母.cpp">
      <Filter>源文件\二分查找</Filter>
    </ClCompile>
    <ClCompile Include="每日一题\[0067]二进制求和.cpp">
      <Filter>源文件\每日一题</Filter>
    </ClCompile>
    <ClCompile Include="二分查找\[0287]寻找重复数.cpp">
      <Filter>源文件\二分查找</Filter>
    </ClCompile>
    <ClCompile Include="二分查找\[0410]分割数组的最大值.cpp">
      <Filter>源文件\二分查找</Filter>
    </ClCompile>
    <ClCompile Include="链表\扁平化多级双向链表.cpp">
      <Filter>源文件\链表</Filter>
    </ClCompile>
    <ClCompile Include="链表\反转链表.cpp">
      <Filter>源文件\链表</Filter>
    </ClCompile>
    <ClCompile Include="链表\复制带随机指针的链表.cpp">
      <Filter>源文件\链表</Filter>
    </ClCompile>
    <ClCompile Include="链表\合并两个有序链表.cpp">
      <Filter>源文件\链表</Filter>
    </ClCompile>
    <ClCompile Include="链表\环形链表.cpp">
      <Filter>源文件\链表</Filter>
    </ClCompile>
    <ClCompile Include="链表\环形链表II.cpp">
      <Filter>源文件\链表</Filter>
    </ClCompile>
    <ClCompile Include="链表\回文链表.cpp">
      <Filter>源文件\链表</Filter>
    </ClCompile>
    <ClCompile Include="链表\两数相加.cpp">
      <Filter>源文件\链表</Filter>
    </ClCompile>
    <ClCompile Include="链表\奇偶链表.cpp">
      <Filter>源文件\链表</Filter>
    </ClCompile>
    <ClCompile Include="链表\删除链表的倒数第N个节点.cpp">
      <Filter>源文件\链表</Filter>
    </ClCompile>
    <ClCompile Include="链表\设计链表.cpp">
      <Filter>源文件\链表</Filter>
    </ClCompile>
    <ClCompile Include="链表\相交链表.cpp">
      <Filter>源文件\链表</Filter>
    </ClCompile>
    <ClCompile Include="链表\旋转链表.cpp">
      <Filter>源文件\链表</Filter>
    </ClCompile>
    <ClCompile Include="链表\移除链表元素.cpp">
      <Filter>源文件\链表</Filter>
    </ClCompile>
    <ClCompile Include="数组和字符串\[0154]寻找旋转排序数组中的最小值II.cpp">
      <Filter>源文件\数组和字符串</Filter>
    </ClCompile>
    <ClCompile Include="数组和字符串\对角线遍历.cpp">
      <Filter>源文件\数组和字符串</Filter>
    </ClCompile>
    <ClCompile Include="数组和字符串\翻转字符串里的单词.cpp">
      <Filter>源文件\数组和字符串</Filter>
    </ClCompile>
    <ClCompile Include="数组和字符串\反转字符串.cpp">
      <Filter>源文件\数组和字符串</Filter>
    </ClCompile>
    <ClCompile Include="数组和字符串\反转字符串中的单词III.cpp">
      <Filter>源文件\数组和字符串</Filter>
    </ClCompile>
    <ClCompile Include="数组和字符串\合并区间.cpp">
      <Filter>源文件\数组和字符串</Filter>
    </ClCompile>
    <ClCompile Include="数组和字符串\两个数组的交集.cpp">
      <Filter>源文件\数组和字符串</Filter>
    </ClCompile>
    <ClCompile Include="数组和字符串\两个数组的交集II.cpp">
      <Filter>源文件\数组和字符串</Filter>
    </ClCompile>
    <ClCompile Include="数组和字符串\两数之和II.cpp">
      <Filter>源文件\数组和字符串</Filter>
    </ClCompile>
    <ClCompile Include="数组和字符串\零矩阵.cpp">
      <Filter>源文件\数组和字符串</Filter>
    </ClCompile>
    <ClCompile Include="数组和字符串\删除排序数组中的重复项.cpp">
      <Filter>源文件\数组和字符串</Filter>
    </ClCompile>
    <ClCompile Include="数组和字符串\数组拆分I.cpp">
      <Filter>源文件\数组和字符串</Filter>
    </ClCompile>
    <ClCompile Include="数组和字符串\搜索插入位置.cpp">
      <Filter>源文件\数组和字符串</Filter>
    </ClCompile>
    <ClCompile Include="数组和字符串\旋转矩阵.cpp">
      <Filter>源文件\数组和字符串</Filter>
    </ClCompile>
    <ClCompile Include="数组和字符串\寻找旋转排序数组中的最小值.cpp">
      <Filter>源文件\数组和字符串</Filter>
    </ClCompile>
    <ClCompile Include="数组和字符串\杨辉三角.cpp">
      <Filter>源文件\数组和字符串</Filter>
    </ClCompile>
    <ClCompile Include="数组和字符串\杨辉三角II.cpp">
      <Filter>源文件\数组和字符串</Filter>
    </ClCompile>
    <ClCompile Include="数组和字符串\移除元素.cpp">
      <Filter>源文件\数组和字符串</Filter>
    </ClCompile>
    <ClCompile Include="数组和字符串\移动零.cpp">
      <Filter>源文件\数组和字符串</Filter>
    </ClCompile>
    <ClCompile Include="数组和字符串\长度最小的子数组.cpp">
      <Filter>源文件\数组和字符串</Filter>
    </ClCompile>
    <ClCompile Include="数组和字符串\最大连续1的个数.cpp">
      <Filter>源文件\数组和字符串</Filter>
    </ClCompile>
    <ClCompile Include="数组和字符串\最长公共前缀.cpp">
      <Filter>源文件\数组和字符串</Filter>
    </ClCompile>
    <ClCompile Include="数组和字符串\最长回文子串.cpp">
      <Filter>源文件\数组和字符串</Filter>
    </ClCompile>
    <ClCompile Include="二叉树\[0145]二叉树的后序遍历.cpp">
      <Filter>源文件\二叉树</Filter>
    </ClCompile>
    <ClCompile Include="二叉树\[0144]二叉树的前序遍历.cpp">
      <Filter>源文件\二叉树</Filter>
    </ClCompile>
    <ClCompile Include="二叉树\[0102[二叉树的层序遍历.cpp">
      <Filter>源文件\二叉树</Filter>
    </ClCompile>
    <ClCompile Include="二叉树\[0104]二叉树的最大深度.cpp">
      <Filter>源文件\二叉树</Filter>
    </ClCompile>
    <ClCompile Include="二叉树\[0101]对称二叉树.cpp">
      <Filter>源文件\二叉树</Filter>
    </ClCompile>
    <ClCompile Include="二叉树\[0112]路径总和.cpp">
      <Filter>源文件\二叉树</Filter>
    </ClCompile>
    <ClCompile Include="二叉树\[0106]从中序与后序遍历序列构造二叉树.cpp">
      <Filter>源文件\二叉树</Filter>
    </ClCompile>
    <ClCompile Include="二叉树\[0105]从前序与中序遍历序列构造二叉树.cpp">
      <Filter>源文件\二叉树</Filter>
    </ClCompile>
    <ClCompile Include="二叉树\[0116]填充每个节点的下一个右侧节点指针.cpp">
      <Filter>源文件\二叉树</Filter>
    </ClCompile>
    <ClCompile Include="二叉树\[0117]填充每个节点的下一个右侧节点指针II.cpp">
      <Filter>源文件\二叉树</Filter>
    </ClCompile>
    <ClCompile Include="二叉树\[0236]二叉树的最近公共祖先.cpp">
      <Filter>源文件\二叉树</Filter>
    </ClCompile>
    <ClCompile Include="二叉搜索树\[0098]验证二叉搜索树.cpp">
      <Filter>源文件\二叉搜索树</Filter>
    </ClCompile>
    <ClCompile Include="二叉搜索树\[0173]二叉搜索树迭代器.cpp">
      <Filter>源文件\二叉搜索树</Filter>
    </ClCompile>
    <ClCompile Include="二叉搜索树\[0700]二叉搜索树中的搜索.cpp">
      <Filter>源文件\二叉搜索树</Filter>
    </ClCompile>
    <ClCompile Include="二叉搜索树\[0701]二叉搜索树中的插入操作.cpp">
      <Filter>源文件\二叉搜索树</Filter>
    </ClCompile>
    <ClCompile Include="二叉搜索树\[0450]删除二叉搜索树中的节点.cpp">
      <Filter>源文件\二叉搜索树</Filter>
    </ClCompile>
    <ClCompile Include="二叉搜索树\[0703]数据流中的第K大元素.cpp">
      <Filter>源文件\二叉搜索树</Filter>
    </ClCompile>
    <ClCompile Include="二叉搜索树\[0235]二叉搜索树的最近公共祖先.cpp">
      <Filter>源文件\二叉搜索树</Filter>
    </ClCompile>
    <ClCompile Include="二叉搜索树\[0220]存在重复元素III.cpp">
      <Filter>源文件\二叉搜索树</Filter>
    </ClCompile>
    <ClCompile Include="二叉搜索树\[0110]平衡二叉树.cpp">
      <Filter>源文件\二叉搜索树</Filter>
    </ClCompile>
    <ClCompile Include="二叉搜索树\[0108]将有序数组转换为二叉搜索树.cpp">
      <Filter>源文件\二叉搜索树</Filter>
    </ClCompile>
    <ClCompile Include="N叉树\[0589]N叉树的前序遍历.cpp">
      <Filter>源文件\N叉树</Filter>
    </ClCompile>
    <ClCompile Include="N叉树\[0590]N叉树的后序遍历.cpp">
      <Filter>源文件\N叉树</Filter>
    </ClCompile>
    <ClCompile Include="N叉树\[0429]N叉树的层序遍历.cpp">
      <Filter>源文件\N叉树</Filter>
    </ClCompile>
    <ClCompile Include="N叉树\[0559]N叉树的最大深度.cpp">
      <Filter>源文件\N叉树</Filter>
    </ClCompile>
    <ClCompile Include="前缀树\[0208]实现Trie (前缀树).cpp">
      <Filter>源文件\前缀树</Filter>
    </ClCompile>
    <ClCompile Include="前缀树\[0677]键值映射.cpp">
      <Filter>源文件\前缀树</Filter>
    </ClCompile>
    <ClCompile Include="前缀树\[0648]单词替换.cpp">
      <Filter>源文件\前缀树</Filter>
    </ClCompile>
    <ClCompile Include="前缀树\[0211]添加与搜索单词.cpp">
      <Filter>源文件\前缀树</Filter>
    </ClCompile>
    <ClCompile Include="前缀树\[0421]数组中两个数的最大异或值.cpp">
      <Filter>源文件\前缀树</Filter>
    </ClCompile>
    <ClCompile Include="前缀树\[0212]单词搜索II.cpp">
      <Filter>源文件\前缀树</Filter>
    </ClCompile>
    <ClCompile Include="前缀树\[0336]回文对.cpp">
      <Filter>源文件\前缀树</Filter>
    </ClCompile>
    <ClCompile Include="哈希表\[0705]设计哈希集合.cpp">
      <Filter>源文件\哈希表</Filter>
    </ClCompile>
    <ClCompile Include="哈希表\[0706]设计哈希映射.cpp">
      <Filter>源文件\哈希表</Filter>
    </ClCompile>
    <ClCompile Include="哈希表\[0217]存在重复元素.cpp">
      <Filter>源文件\哈希表</Filter>
    </ClCompile>
    <ClCompile Include="哈希表\[0136]只出现一次的数字.cpp">
      <Filter>源文件\哈希表</Filter>
    </ClCompile>
    <ClCompile Include="哈希表\[0202]快乐数.cpp">
      <Filter>源文件\哈希表</Filter>
    </ClCompile>
    <ClCompile Include="哈希表\[0001]两数之和.cpp">
      <Filter>源文件\哈希表</Filter>
    </ClCompile>
    <ClCompile Include="哈希表\[0205]同构字符串.cpp">
      <Filter>源文件\哈希表</Filter>
    </ClCompile>
    <ClCompile Include="哈希表\[0599]两个列表的最小索引总和.cpp">
      <Filter>源文件\哈希表</Filter>
    </ClCompile>
    <ClCompile Include="哈希表\[0387]字符串中的第一个唯一字符.cpp">
      <Filter>源文件\哈希表</Filter>
    </ClCompile>
    <ClCompile Include="哈希表\[0219]存在重复元素II.cpp">
      <Filter>源文件\哈希表</Filter>
    </ClCompile>
    <ClCompile Include="哈希表\[0049]字母异位词分组.cpp">
      <Filter>源文件\哈希表</Filter>
    </ClCompile>
    <ClCompile Include="哈希表\[0036]有效的数独.cpp">
      <Filter>源文件\哈希表</Filter>
    </ClCompile>
    <ClCompile Include="哈希表\[0652]寻找重复的子树.cpp">
      <Filter>源文件\哈希表</Filter>
    </ClCompile>
    <ClCompile Include="哈希表\[0771]宝石与石头.cpp">
      <Filter>源文件\哈希表</Filter>
    </ClCompile>
    <ClCompile Include="哈希表\[0003无重复字符的最长子串.cpp">
      <Filter>源文件\哈希表</Filter>
    </ClCompile>
    <ClCompile Include="哈希表\[0454]四数相加II.cpp">
      <Filter>源文件\哈希表</Filter>
    </ClCompile>
    <ClCompile Include="哈希表\[0347]前K个高频元素.cpp">
      <Filter>源文件\哈希表</Filter>
    </ClCompile>
    <ClCompile Include="哈希表\[0380]常数时间插入、删除和获取随机元素.cpp">
      <Filter>源文件\哈希表</Filter>
    </ClCompile>
    <ClCompile Include="递归\[0024]两两交换链表中的节点.cpp">
      <Filter>源文件\递归</Filter>
    </ClCompile>
    <ClCompile Include="递归\[0509]斐波那契数.cpp">
      <Filter>源文件\递归</Filter>
    </ClCompile>
    <ClCompile Include="递归\[0779]第K个语法符号.cpp">
      <Filter>源文件\递归</Filter>
    </ClCompile>
    <ClCompile Include="递归\[0095]不同的二叉搜索树II.cpp">
      <Filter>源文件\递归</Filter>
    </ClCompile>
  </ItemGroup>
</Project>